
Microsoft Visual Studio Solution File, Format Version 12.00
# Visual Studio Version 16
VisualStudioVersion = 16.0.29215.179
MinimumVisualStudioVersion = 10.0.40219.1
Project("{FAE04EC0-301F-11D3-BF4B-00C04F79EFBC}") = "App01_ConsultarCEP.UWP", "App01_ConsultarCEP\App01_ConsultarCEP.UWP\App01_ConsultarCEP.UWP.csproj", "{E646C14E-C186-4BD3-AB5F-12F186C3FB15}"
EndProject
Project("{FAE04EC0-301F-11D3-BF4B-00C04F79EFBC}") = "App01_ConsultarCEP.Android", "App01_ConsultarCEP\App01_ConsultarCEP.Android\App01_ConsultarCEP.Android.csproj", "{08FC4200-BB36-435D-A968-454654C9FCA6}"
EndProject
Project("{FAE04EC0-301F-11D3-BF4B-00C04F79EFBC}") = "App01_ConsultarCEP.iOS", "App01_ConsultarCEP\App01_ConsultarCEP.iOS\App01_ConsultarCEP.iOS.csproj", "{E3D9CE04-C212-4A70-83B8-1CDB15890116}"
EndProject
Project("{FAE04EC0-301F-11D3-BF4B-00C04F79EFBC}") = "App01_ConsultarCEP", "App01_ConsultarCEP\App01_ConsultarCEP\App01_ConsultarCEP.csproj", "{26AF7311-6CF4-40B5-B740-357BEA229547}"
EndProject
Global
	GlobalSection(SolutionConfigurationPlatforms) = preSolution
		Debug|Any CPU = Debug|Any CPU
		Debug|ARM = Debug|ARM
		Debug|iPhone = Debug|iPhone
		Debug|iPhoneSimulator = Debug|iPhoneSimulator
		Debug|x64 = Debug|x64
		Debug|x86 = Debug|x86
		Release|Any CPU = Release|Any CPU
		Release|ARM = Release|ARM
		Release|iPhone = Release|iPhone
		Release|iPhoneSimulator = Release|iPhoneSimulator
		Release|x64 = Release|x64
		Release|x86 = Release|x86
	EndGlobalSection
	GlobalSection(ProjectConfigurationPlatforms) = postSolution
		{E646C14E-C186-4BD3-AB5F-12F186C3FB15}.Debug|Any CPU.ActiveCfg = Debug|x86
		{E646C14E-C186-4BD3-AB5F-12F186C3FB15}.Debug|Any CPU.Build.0 = Debug|x86
		{E646C14E-C186-4BD3-AB5F-12F186C3FB15}.Debug|Any CPU.Deploy.0 = Debug|x86
		{E646C14E-C186-4BD3-AB5F-12F186C3FB15}.Debug|ARM.ActiveCfg = Debug|ARM
		{E646C14E-C186-4BD3-AB5F-12F186C3FB15}.Debug|ARM.Build.0 = Debug|ARM
		{E646C14E-C186-4BD3-AB5F-12F186C3FB15}.Debug|ARM.Deploy.0 = Debug|ARM
		{E646C14E-C186-4BD3-AB5F-12F186C3FB15}.Debug|iPhone.ActiveCfg = Debug|x86
		{E646C14E-C186-4BD3-AB5F-12F186C3FB15}.Debug|iPhone.Build.0 = Debug|x86
		{E646C14E-C186-4BD3-AB5F-12F186C3FB15}.Debug|iPhone.Deploy.0 = Debug|x86
		{E646C14E-C186-4BD3-AB5F-12F186C3FB15}.Debug|iPhoneSimulator.ActiveCfg = Debug|x86
		{E646C14E-C186-4BD3-AB5F-12F186C3FB15}.Debug|iPhoneSimulator.Build.0 = Debug|x86
		{E646C14E-C186-4BD3-AB5F-12F186C3FB15}.Debug|iPhoneSimulator.Deploy.0 = Debug|x86
		{E646C14E-C186-4BD3-AB5F-12F186C3FB15}.Debug|x64.ActiveCfg = Debug|x64
		{E646C14E-C186-4BD3-AB5F-12F186C3FB15}.Debug|x64.Build.0 = Debug|x64
		{E646C14E-C186-4BD3-AB5F-12F186C3FB15}.Debug|x64.Deploy.0 = Debug|x64
		{E646C14E-C186-4BD3-AB5F-12F186C3FB15}.Debug|x86.ActiveCfg = Debug|x86
		{E646C14E-C186-4BD3-AB5F-12F186C3FB15}.Debug|x86.Build.0 = Debug|x86
		{E646C14E-C186-4BD3-AB5F-12F186C3FB15}.Debug|x86.Deploy.0 = Debug|x86
		{E646C14E-C186-4BD3-AB5F-12F186C3FB15}.Release|Any CPU.ActiveCfg = Release|x86
		{E646C14E-C186-4BD3-AB5F-12F186C3FB15}.Release|Any CPU.Build.0 = Release|x86
		{E646C14E-C186-4BD3-AB5F-12F186C3FB15}.Release|Any CPU.Deploy.0 = Release|x86
		{E646C14E-C186-4BD3-AB5F-12F186C3FB15}.Release|ARM.ActiveCfg = Release|ARM
		{E646C14E-C186-4BD3-AB5F-12F186C3FB15}.Release|ARM.Build.0 = Release|ARM
		{E646C14E-C186-4BD3-AB5F-12F186C3FB15}.Release|ARM.Deploy.0 = Release|ARM
		{E646C14E-C186-4BD3-AB5F-12F186C3FB15}.Release|iPhone.ActiveCfg = Release|x86
		{E646C14E-C186-4BD3-AB5F-12F186C3FB15}.Release|iPhone.Build.0 = Release|x86
		{E646C14E-C186-4BD3-AB5F-12F186C3FB15}.Release|iPhone.Deploy.0 = Release|x86
		{E646C14E-C186-4BD3-AB5F-12F186C3FB15}.Release|iPhoneSimulator.ActiveCfg = Release|x86
		{E646C14E-C186-4BD3-AB5F-12F186C3FB15}.Release|iPhoneSimulator.Build.0 = Release|x86
		{E646C14E-C186-4BD3-AB5F-12F186C3FB15}.Release|iPhoneSimulator.Deploy.0 = Release|x86
		{E646C14E-C186-4BD3-AB5F-12F186C3FB15}.Release|x64.ActiveCfg = Release|x64
		{E646C14E-C186-4BD3-AB5F-12F186C3FB15}.Release|x64.Build.0 = Release|x64
		{E646C14E-C186-4BD3-AB5F-12F186C3FB15}.Release|x64.Deploy.0 = Release|x64
		{E646C14E-C186-4BD3-AB5F-12F186C3FB15}.Release|x86.ActiveCfg = Release|x86
		{E646C14E-C186-4BD3-AB5F-12F186C3FB15}.Release|x86.Build.0 = Release|x86
		{E646C14E-C186-4BD3-AB5F-12F186C3FB15}.Release|x86.Deploy.0 = Release|x86
		{08FC4200-BB36-435D-A968-454654C9FCA6}.Debug|Any CPU.ActiveCfg = Debug|Any CPU
		{08FC4200-BB36-435D-A968-454654C9FCA6}.Debug|Any CPU.Build.0 = Debug|Any CPU
		{08FC4200-BB36-435D-A968-454654C9FCA6}.Debug|Any CPU.Deploy.0 = Debug|Any CPU
		{08FC4200-BB36-435D-A968-454654C9FCA6}.Debug|ARM.ActiveCfg = Debug|Any CPU
		{08FC4200-BB36-435D-A968-454654C9FCA6}.Debug|ARM.Build.0 = Debug|Any CPU
		{08FC4200-BB36-435D-A968-454654C9FCA6}.Debug|ARM.Deploy.0 = Debug|Any CPU
		{08FC4200-BB36-435D-A968-454654C9FCA6}.Debug|iPhone.ActiveCfg = Debug|Any CPU
		{08FC4200-BB36-435D-A968-454654C9FCA6}.Debug|iPhone.Build.0 = Debug|Any CPU
		{08FC4200-BB36-435D-A968-454654C9FCA6}.Debug|iPhone.Deploy.0 = Debug|Any CPU
		{08FC4200-BB36-435D-A968-454654C9FCA6}.Debug|iPhoneSimulator.ActiveCfg = Debug|Any CPU
		{08FC4200-BB36-435D-A968-454654C9FCA6}.Debug|iPhoneSimulator.Build.0 = Debug|Any CPU
		{08FC4200-BB36-435D-A968-454654C9FCA6}.Debug|iPhoneSimulator.Deploy.0 = Debug|Any CPU
		{08FC4200-BB36-435D-A968-454654C9FCA6}.Debug|x64.ActiveCfg = Debug|Any CPU
		{08FC4200-BB36-435D-A968-454654C9FCA6}.Debug|x64.Build.0 = Debug|Any CPU
		{08FC4200-BB36-435D-A968-454654C9FCA6}.Debug|x64.Deploy.0 = Debug|Any CPU
		{08FC4200-BB36-435D-A968-454654C9FCA6}.Debug|x86.ActiveCfg = Debug|Any CPU
		{08FC4200-BB36-435D-A968-454654C9FCA6}.Debug|x86.Build.0 = Debug|Any CPU
		{08FC4200-BB36-435D-A968-454654C9FCA6}.Debug|x86.Deploy.0 = Debug|Any CPU
		{08FC4200-BB36-435D-A968-454654C9FCA6}.Release|Any CPU.ActiveCfg = Release|Any CPU
		{08FC4200-BB36-435D-A968-454654C9FCA6}.Release|Any CPU.Build.0 = Release|Any CPU
		{08FC4200-BB36-435D-A968-454654C9FCA6}.Release|Any CPU.Deploy.0 = Release|Any CPU
		{08FC4200-BB36-435D-A968-454654C9FCA6}.Release|ARM.ActiveCfg = Release|Any CPU
		{08FC4200-BB36-435D-A968-454654C9FCA6}.Release|ARM.Build.0 = Release|Any CPU
		{08FC4200-BB36-435D-A968-454654C9FCA6}.Release|ARM.Deploy.0 = Release|Any CPU
		{08FC4200-BB36-435D-A968-454654C9FCA6}.Release|iPhone.ActiveCfg = Release|Any CPU
		{08FC4200-BB36-435D-A968-454654C9FCA6}.Release|iPhone.Build.0 = Release|Any CPU
		{08FC4200-BB36-435D-A968-454654C9FCA6}.Release|iPhone.Deploy.0 = Release|Any CPU
		{08FC4200-BB36-435D-A968-454654C9FCA6}.Release|iPhoneSimulator.ActiveCfg = Release|Any CPU
		{08FC4200-BB36-435D-A968-454654C9FCA6}.Release|iPhoneSimulator.Build.0 = Release|Any CPU
		{08FC4200-BB36-435D-A968-454654C9FCA6}.Release|iPhoneSimulator.Deploy.0 = Release|Any CPU
		{08FC4200-BB36-435D-A968-454654C9FCA6}.Release|x64.ActiveCfg = Release|Any CPU
		{08FC4200-BB36-435D-A968-454654C9FCA6}.Release|x64.Build.0 = Release|Any CPU
		{08FC4200-BB36-435D-A968-454654C9FCA6}.Release|x64.Deploy.0 = Release|Any CPU
		{08FC4200-BB36-435D-A968-454654C9FCA6}.Release|x86.ActiveCfg = Release|Any CPU
		{08FC4200-BB36-435D-A968-454654C9FCA6}.Release|x86.Build.0 = Release|Any CPU
		{08FC4200-BB36-435D-A968-454654C9FCA6}.Release|x86.Deploy.0 = Release|Any CPU
		{E3D9CE04-C212-4A70-83B8-1CDB15890116}.Debug|Any CPU.ActiveCfg = Debug|iPhone
		{E3D9CE04-C212-4A70-83B8-1CDB15890116}.Debug|Any CPU.Build.0 = Debug|iPhone
		{E3D9CE04-C212-4A70-83B8-1CDB15890116}.Debug|Any CPU.Deploy.0 = Debug|iPhone
		{E3D9CE04-C212-4A70-83B8-1CDB15890116}.Debug|ARM.ActiveCfg = Debug|iPhoneSimulator
		{E3D9CE04-C212-4A70-83B8-1CDB15890116}.Debug|ARM.Build.0 = Debug|iPhoneSimulator
		{E3D9CE04-C212-4A70-83B8-1CDB15890116}.Debug|ARM.Deploy.0 = Debug|iPhoneSimulator
		{E3D9CE04-C212-4A70-83B8-1CDB15890116}.Debug|iPhone.ActiveCfg = Debug|iPhone
		{E3D9CE04-C212-4A70-83B8-1CDB15890116}.Debug|iPhone.Build.0 = Debug|iPhone
		{E3D9CE04-C212-4A70-83B8-1CDB15890116}.Debug|iPhone.Deploy.0 = Debug|iPhone
		{E3D9CE04-C212-4A70-83B8-1CDB15890116}.Debug|iPhoneSimulator.ActiveCfg = Debug|iPhoneSimulator
		{E3D9CE04-C212-4A70-83B8-1CDB15890116}.Debug|iPhoneSimulator.Build.0 = Debug|iPhoneSimulator
		{E3D9CE04-C212-4A70-83B8-1CDB15890116}.Debug|iPhoneSimulator.Deploy.0 = Debug|iPhoneSimulator
		{E3D9CE04-C212-4A70-83B8-1CDB15890116}.Debug|x64.ActiveCfg = Debug|iPhone
		{E3D9CE04-C212-4A70-83B8-1CDB15890116}.Debug|x64.Build.0 = Debug|iPhone
		{E3D9CE04-C212-4A70-83B8-1CDB15890116}.Debug|x64.Deploy.0 = Debug|iPhone
		{E3D9CE04-C212-4A70-83B8-1CDB15890116}.Debug|x86.ActiveCfg = Debug|iPhone
		{E3D9CE04-C212-4A70-83B8-1CDB15890116}.Debug|x86.Build.0 = Debug|iPhone
		{E3D9CE04-C212-4A70-83B8-1CDB15890116}.Debug|x86.Deploy.0 = Debug|iPhone
		{E3D9CE04-C212-4A70-83B8-1CDB15890116}.Release|Any CPU.ActiveCfg = Release|iPhone
		{E3D9CE04-C212-4A70-83B8-1CDB15890116}.Release|Any CPU.Build.0 = Release|iPhone
		{E3D9CE04-C212-4A70-83B8-1CDB15890116}.Release|Any CPU.Deploy.0 = Release|iPhone
		{E3D9CE04-C212-4A70-83B8-1CDB15890116}.Release|ARM.ActiveCfg = Release|iPhone
		{E3D9CE04-C212-4A70-83B8-1CDB15890116}.Release|ARM.Build.0 = Release|iPhone
		{E3D9CE04-C212-4A70-83B8-1CDB15890116}.Release|ARM.Deploy.0 = Release|iPhone
		{E3D9CE04-C212-4A70-83B8-1CDB15890116}.Release|iPhone.ActiveCfg = Release|iPhone
		{E3D9CE04-C212-4A70-83B8-1CDB15890116}.Release|iPhone.Build.0 = Release|iPhone
		{E3D9CE04-C212-4A70-83B8-1CDB15890116}.Release|iPhone.Deploy.0 = Release|iPhone
		{E3D9CE04-C212-4A70-83B8-1CDB15890116}.Release|iPhoneSimulator.ActiveCfg = Release|iPhoneSimulator
		{E3D9CE04-C212-4A70-83B8-1CDB15890116}.Release|iPhoneSimulator.Build.0 = Release|iPhoneSimulator
		{E3D9CE04-C212-4A70-83B8-1CDB15890116}.Release|iPhoneSimulator.Deploy.0 = Release|iPhoneSimulator
		{E3D9CE04-C212-4A70-83B8-1CDB15890116}.Release|x64.ActiveCfg = Release|iPhone
		{E3D9CE04-C212-4A70-83B8-1CDB15890116}.Release|x64.Build.0 = Release|iPhone
		{E3D9CE04-C212-4A70-83B8-1CDB15890116}.Release|x64.Deploy.0 = Release|iPhone
		{E3D9CE04-C212-4A70-83B8-1CDB15890116}.Release|x86.ActiveCfg = Release|iPhone
		{E3D9CE04-C212-4A70-83B8-1CDB15890116}.Release|x86.Build.0 = Release|iPhone
		{E3D9CE04-C212-4A70-83B8-1CDB15890116}.Release|x86.Deploy.0 = Release|iPhone
		{26AF7311-6CF4-40B5-B740-357BEA229547}.Debug|Any CPU.ActiveCfg = Debug|Any CPU
		{26AF7311-6CF4-40B5-B740-357BEA229547}.Debug|Any CPU.Build.0 = Debug|Any CPU
		{26AF7311-6CF4-40B5-B740-357BEA229547}.Debug|Any CPU.Deploy.0 = Debug|Any CPU
		{26AF7311-6CF4-40B5-B740-357BEA229547}.Debug|ARM.ActiveCfg = Debug|Any CPU
		{26AF7311-6CF4-40B5-B740-357BEA229547}.Debug|ARM.Build.0 = Debug|Any CPU
		{26AF7311-6CF4-40B5-B740-357BEA229547}.Debug|ARM.Deploy.0 = Debug|Any CPU
		{26AF7311-6CF4-40B5-B740-357BEA229547}.Debug|iPhone.ActiveCfg = Debug|Any CPU
		{26AF7311-6CF4-40B5-B740-357BEA229547}.Debug|iPhone.Build.0 = Debug|Any CPU
		{26AF7311-6CF4-40B5-B740-357BEA229547}.Debug|iPhone.Deploy.0 = Debug|Any CPU
		{26AF7311-6CF4-40B5-B740-357BEA229547}.Debug|iPhoneSimulator.ActiveCfg = Debug|Any CPU
		{26AF7311-6CF4-40B5-B740-357BEA229547}.Debug|iPhoneSimulator.Build.0 = Debug|Any CPU
		{26AF7311-6CF4-40B5-B740-357BEA229547}.Debug|iPhoneSimulator.Deploy.0 = Debug|Any CPU
		{26AF7311-6CF4-40B5-B740-357BEA229547}.Debug|x64.ActiveCfg = Debug|Any CPU
		{26AF7311-6CF4-40B5-B740-357BEA229547}.Debug|x64.Build.0 = Debug|Any CPU
		{26AF7311-6CF4-40B5-B740-357BEA229547}.Debug|x64.Deploy.0 = Debug|Any CPU
		{26AF7311-6CF4-40B5-B740-357BEA229547}.Debug|x86.ActiveCfg = Debug|Any CPU
		{26AF7311-6CF4-40B5-B740-357BEA229547}.Debug|x86.Build.0 = Debug|Any CPU
		{26AF7311-6CF4-40B5-B740-357BEA229547}.Debug|x86.Deploy.0 = Debug|Any CPU
		{26AF7311-6CF4-40B5-B740-357BEA229547}.Release|Any CPU.ActiveCfg = Release|Any CPU
		{26AF7311-6CF4-40B5-B740-357BEA229547}.Release|Any CPU.Build.0 = Release|Any CPU
		{26AF7311-6CF4-40B5-B740-357BEA229547}.Release|Any CPU.Deploy.0 = Release|Any CPU
		{26AF7311-6CF4-40B5-B740-357BEA229547}.Release|ARM.ActiveCfg = Release|Any CPU
		{26AF7311-6CF4-40B5-B740-357BEA229547}.Release|ARM.Build.0 = Release|Any CPU
		{26AF7311-6CF4-40B5-B740-357BEA229547}.Release|ARM.Deploy.0 = Release|Any CPU
		{26AF7311-6CF4-40B5-B740-357BEA229547}.Release|iPhone.ActiveCfg = Release|Any CPU
		{26AF7311-6CF4-40B5-B740-357BEA229547}.Release|iPhone.Build.0 = Release|Any CPU
		{26AF7311-6CF4-40B5-B740-357BEA229547}.Release|iPhone.Deploy.0 = Release|Any CPU
		{26AF7311-6CF4-40B5-B740-357BEA229547}.Release|iPhoneSimulator.ActiveCfg = Release|Any CPU
		{26AF7311-6CF4-40B5-B740-357BEA229547}.Release|iPhoneSimulator.Build.0 = Release|Any CPU
		{26AF7311-6CF4-40B5-B740-357BEA229547}.Release|iPhoneSimulator.Deploy.0 = Release|Any CPU
		{26AF7311-6CF4-40B5-B740-357BEA229547}.Release|x64.ActiveCfg = Release|Any CPU
		{26AF7311-6CF4-40B5-B740-357BEA229547}.Release|x64.Build.0 = Release|Any CPU
		{26AF7311-6CF4-40B5-B740-357BEA229547}.Release|x64.Deploy.0 = Release|Any CPU
		{26AF7311-6CF4-40B5-B740-357BEA229547}.Release|x86.ActiveCfg = Release|Any CPU
		{26AF7311-6CF4-40B5-B740-357BEA229547}.Release|x86.Build.0 = Release|Any CPU
		{26AF7311-6CF4-40B5-B740-357BEA229547}.Release|x86.Deploy.0 = Release|Any CPU
	EndGlobalSection
	GlobalSection(SolutionProperties) = preSolution
		HideSolutionNode = FALSE
	EndGlobalSection
	GlobalSection(ExtensibilityGlobals) = postSolution
		SolutionGuid = {35D959C4-8D1C-422C-A0D1-13CD8DB1F627}
	EndGlobalSection
EndGlobal
